{
  "nodes": {
    "home-manager": {
      "inputs": {
        "nixpkgs": [
          "nixpkgs"
        ]
      },
      "locked": {
        "lastModified": 1787487906,
        "narHash": "sha256-zIdM+8teujHm5hc5MIPDnV7k2UeOOT/pFyFtWjOCwsY=",
        "owner": "nix-community",
        "repo": "home-manager",
        "rev": "cfba7ad5886b342b8dd63ba74354b3853ea4cfc9",
        "type": "github"
      },
      "original": {
        "owner": "nix-community",
        "repo": "home-manager",
        "type": "github"
      }
    },
    "home-manager_2": {
      "inputs": {
        "nixpkgs": [
          "sleepy-m2-baseline",
          "nixpkgs"
        ]
      },
      "locked": {
        "lastModified": 1787487906,
        "narHash": "sha256-zIdM+8teujHm5hc5MIPDnV7k2UeOOT/pFyFtWjOCwsY=",
        "owner": "nix-community",
        "repo": "home-manager",
        "rev": "cfba7ad5886b342b8dd63ba74354b3853ea4cfc9",
        "type": "github"
      },
      "original": {
        "owner": "nix-community",
        "repo": "home-manager",
        "type": "github"
      }
    },
    "home-manager_3": {
      "inputs": {
        "nixpkgs": [
          "sleepy-m2-baseline",
          "sleepy-m1-baseline",
          "nixpkgs"
        ]
      },
      "locked": {
        "lastModified": 1787487906,
        "narHash": "sha256-zIdM+8teujHm5hc5MIPDnV7k2UeOOT/pFyFtWjOCwsY=",
        "owner": "nix-community",
        "repo": "home-manager",
        "rev": "cfba7ad5886b342b8dd63ba74354b3853ea4cfc9",
        "type": "github"
      },
      "original": {
        "owner": "nix-community",
        "repo": "home-manager",
        "type": "github"
      }
    },
    "m3shapes": {
      "inputs": {
        "nixpkgs": [
          "sleepy-desktop",
          "nixpkgs"
        ]
      },
      "locked": {
        "lastModified": 1787906858,
        "narHash": "sha256-YZelgEZflFNwGutX4/tIzBdbOeghJgE2oDw0uWYGxns=",
        "owner": "soramanew",
        "repo": "m3shapes",
        "rev": "32ad9ce328bb77ed349b40a3be10ee9ea610b8ab",
        "type": "github"
      },
      "original": {
        "owner": "soramanew",
        "repo": "m3shapes",
        "rev": "32ad9ce328bb77ed349b40a3be10ee9ea610b8ab",
        "type": "github"
      }
    },
    "nixpkgs": {
      "locked": {
        "lastModified": 1787360063,
        "narHash": "sha256-dt4WdcvsA8/RCe+VZZwqU0X+XMM3wBbGCWA0/sFWzGo=",
        "owner": "NixOS",
        "repo": "nixpkgs",
        "rev": "2c423e03bbafcff28bfadc6781a4a8257f205cb5",
        "type": "github"
      },
      "original": {
        "owner": "NixOS",
        "ref": "nixos-unstable",
        "repo": "nixpkgs",
        "type": "github"
      }
    },
    "nixpkgs_2": {
      "locked": {
        "lastModified": 1787360063,
        "narHash": "sha256-dt4WdcvsA8/RCe+VZZwqU0X+XMM3wBbGCWA0/sFWzGo=",
        "owner": "NixOS",
        "repo": "nixpkgs",
        "rev": "2c423e03bbafcff28bfadc6781a4a8257f205cb5",
        "type": "github"
      },
      "original": {
        "owner": "NixOS",
        "ref": "nixos-unstable",
        "repo": "nixpkgs",
        "type": "github"
      }
    },
    "nixpkgs_3": {
      "locked": {
        "lastModified": 1787498568,
        "narHash": "sha256-9i/VTdusq/+NM/tz+J1Re+ojkMB8MBf0QshnYfzHz30=",
        "owner": "NixOS",
        "repo": "nixpkgs",
        "rev": "56c02bc00adcf003215cc4bd996d6efaf4cff188",
        "type": "github"
      },
      "original": {
        "owner": "NixOS",
        "ref": "nixos-unstable",
        "repo": "nixpkgs",
        "type": "github"
      }
    },
    "nixpkgs_4": {
      "locked": {
        "lastModified": 1787498568,
        "narHash": "sha256-9i/VTdusq/+NM/tz+J1Re+ojkMB8MBf0QshnYfzHz30=",
        "owner": "NixOS",
        "repo": "nixpkgs",
        "rev": "56c02bc00adcf003215cc4bd996d6efaf4cff188",
        "type": "github"
      },
      "original": {
        "owner": "NixOS",
        "ref": "nixos-unstable",
        "repo": "nixpkgs",
        "type": "github"
      }
    },
    "nixpkgs_5": {
      "locked": {
        "lastModified": 1787360063,
        "narHash": "sha256-dt4WdcvsA8/RCe+VZZwqU0X+XMM3wBbGCWA0/sFWzGo=",
        "owner": "NixOS",
        "repo": "nixpkgs",
        "rev": "2c423e03bbafcff28bfadc6781a4a8257f205cb5",
        "type": "github"
      },
      "original": {
        "owner": "NixOS",
        "ref": "nixos-unstable",
        "repo": "nixpkgs",
        "type": "github"
      }
    },
    "quickshell": {
      "inputs": {
        "nixpkgs": [
          "sleepy-desktop",
          "nixpkgs"
        ]
      },
      "locked": {
        "lastModified": 1787440121,
        "narHash": "sha256-OZdLL1rMR9kjTFZroOODeyQ0u6nrSxcFHlK6JUi+R/c=",
        "ref": "refs/heads/master",
        "rev": "0fed22a2c47d9568ddf13cf61586b3f2ac4378a2",
        "revCount": 847,
        "type": "git",
        "url": "https://git.outfoxxed.me/outfoxxed/quickshell"
      },
      "original": {
        "rev": "0fed22a2c47d9568ddf13cf61586b3f2ac4378a2",
        "type": "git",
        "url": "https://git.outfoxxed.me/outfoxxed/quickshell"
      }
    },
    "root": {
      "inputs": {
        "home-manager": "home-manager",
        "nixpkgs": "nixpkgs",
        "sleepy-artwork": "sleepy-artwork",
        "sleepy-desktop": "sleepy-desktop",
        "sleepy-m2-baseline": "sleepy-m2-baseline",
        "sleepy-sdk": "sleepy-sdk_8",
        "sleepy-session": "sleepy-session_4"
      }
    },
    "sleepy-artwork": {
      "inputs": {
        "nixpkgs": [
          "nixpkgs"
        ]
      },
      "locked": {
        "lastModified": 1787695542,
        "narHash": "sha256-j6zHOF7GoboU5duoWOBIIjup9in7ecnsvax4ScTx4SY=",
        "owner": "sleepylinux",
        "repo": "sleepy-artwork",
        "rev": "175314b9c236c1b412e8e1ebc54bbe3937b0c90d",
        "type": "github"
      },
      "original": {
        "owner": "sleepylinux",
        "repo": "sleepy-artwork",
        "rev": "175314b9c236c1b412e8e1ebc54bbe3937b0c90d",
        "type": "github"
      }
    },
    "sleepy-artwork_2": {
      "inputs": {
        "nixpkgs": [
          "sleepy-m2-baseline",
          "nixpkgs"
        ]
      },
      "locked": {
        "lastModified": 1787557439,
        "narHash": "sha256-fjQWILDAUf9vR+OoJ6ZCXmWBhLR0EDnoGEa08VKtdMo=",
        "owner": "sleepylinux",
        "repo": "sleepy-artwork",
        "rev": "108487617077254edb4e3a3b21047f5621eef151",
        "type": "github"
      },
      "original": {
        "owner": "sleepylinux",
        "repo": "sleepy-artwork",
        "rev": "108487617077254edb4e3a3b21047f5621eef151",
        "type": "github"
      }
    },
    "sleepy-artwork_3": {
      "inputs": {
        "nixpkgs": "nixpkgs_3"
      },
      "locked": {
        "lastModified": 1787557439,
        "narHash": "sha256-fjQWILDAUf9vR+OoJ6ZCXmWBhLR0EDnoGEa08VKtdMo=",
        "owner": "sleepylinux",
        "repo": "sleepy-artwork",
        "rev": "108487617077254edb4e3a3b21047f5621eef151",
        "type": "github"
      },
      "original": {
        "owner": "sleepylinux",
        "repo": "sleepy-artwork",
        "rev": "108487617077254edb4e3a3b21047f5621eef151",
        "type": "github"
      }
    },
    "sleepy-artwork_4": {
      "inputs": {
        "nixpkgs": [
          "sleepy-m2-baseline",
          "sleepy-m1-baseline",
          "nixpkgs"
        ]
      },
      "locked": {
        "lastModified": 1787531142,
        "narHash": "sha256-3H2ro4BfuaRsU+fnozg3GG89ImE0sHHwmzvDgQK1q1s=",
        "owner": "sleepylinux",
        "repo": "sleepy-artwork",
        "rev": "0dd59cc9d8a77700f7a415997e3dcde396f55e99",
        "type": "github"
      },
      "original": {
        "owner": "sleepylinux",
        "repo": "sleepy-artwork",
        "rev": "0dd59cc9d8a77700f7a415997e3dcde396f55e99",
        "type": "github"
      }
    },
    "sleepy-artwork_5": {
      "flake": false,
      "locked": {
        "lastModified": 1787531142,
        "narHash": "sha256-3H2ro4BfuaRsU+fnozg3GG89ImE0sHHwmzvDgQK1q1s=",
        "owner": "sleepylinux",
        "repo": "sleepy-artwork",
        "rev": "0dd59cc9d8a77700f7a415997e3dcde396f55e99",
        "type": "github"
      },
      "original": {
        "owner": "sleepylinux",
        "repo": "sleepy-artwork",
        "rev": "0dd59cc9d8a77700f7a415997e3dcde396f55e99",
        "type": "github"
      }
    },
    "sleepy-desktop": {
      "inputs": {
        "m3shapes": "m3shapes",
        "nixpkgs": [
          "nixpkgs"
        ],
        "quickshell": "quickshell",
        "sleepy-artwork": [
          "sleepy-artwork"
        ],
        "sleepy-sdk": [
          "sleepy-sdk"
        ],
        "sleepy-session": [
          "sleepy-session"
        ]
      },
      "locked": {
        "lastModified": 1788287142,
        "narHash": "sha256-rNJXKgC3zWpbJZRv/3EC63ypGt5u/i88ZHJX+6KRmUA=",
        "owner": "sleepylinux",
        "repo": "sleepy-desktop",
        "rev": "076ce83860e47d7b5960e94bc88ee98e6d2dad9c",
        "type": "github"
      },
      "original": {
        "owner": "sleepylinux",
        "repo": "sleepy-desktop",
        "rev": "076ce83860e47d7b5960e94bc88ee98e6d2dad9c",
        "type": "github"
      }
    },
    "sleepy-desktop_2": {
      "inputs": {
        "nixpkgs": [
          "sleepy-m2-baseline",
          "nixpkgs"
        ],
        "sleepy-artwork": "sleepy-artwork_3",
        "sleepy-sdk": "sleepy-sdk",
        "sleepy-session": "sleepy-session"
      },
      "locked": {
        "lastModified": 1787589913,
        "narHash": "sha256-bQprStoTHq4+NN565gnllo1cVHJKGGKZrI+aO+0nvgw=",
        "owner": "sleepylinux",
        "repo": "sleepy-desktop",
        "rev": "0b612df154e0606ced56020a56a54fa1f42dd3db",
        "type": "github"
      },
      "original": {
        "owner": "sleepylinux",
        "repo": "sleepy-desktop",
        "rev": "0b612df154e0606ced56020a56a54fa1f42dd3db",
        "type": "github"
      }
    },
    "sleepy-desktop_3": {
      "inputs": {
        "nixpkgs": [
          "sleepy-m2-baseline",
          "sleepy-m1-baseline",
          "nixpkgs"
        ],
        "sleepy-artwork": "sleepy-artwork_5",
        "sleepy-sdk": "sleepy-sdk_3"
      },
      "locked": {
        "lastModified": 1787532182,
        "narHash": "sha256-k9OwdZXR5Td1qw70kHbb2nr3m/JhPYZS0uk22H7W2xk=",
        "owner": "sleepylinux",
        "repo": "sleepy-desktop",
        "rev": "a88fba369d3926981c46b837c88483553559a60a",
        "type": "github"
      },
      "original": {
        "owner": "sleepylinux",
        "repo": "sleepy-desktop",
        "rev": "a88fba369d3926981c46b837c88483553559a60a",
        "type": "github"
      }
    },
    "sleepy-m1-baseline": {
      "inputs": {
        "home-manager": "home-manager_3",
        "nixpkgs": "nixpkgs_5",
        "sleepy-artwork": "sleepy-artwork_4",
        "sleepy-desktop": "sleepy-desktop_3",
        "sleepy-sdk": "sleepy-sdk_4",
        "sleepy-session": "sleepy-session_2"
      },
      "locked": {
        "lastModified": 1787539133,
        "narHash": "sha256-cTdrGnNbwlzTgy03i7rDRUapXK25y/EO+I9ARjHg0E8=",
        "owner": "sleepylinux",
        "repo": "sleepy",
        "rev": "a4d8c45337c94c7e8c69a1aebe747ae8e66b0839",
        "type": "github"
      },
      "original": {
        "owner": "sleepylinux",
        "repo": "sleepy",
        "rev": "a4d8c45337c94c7e8c69a1aebe747ae8e66b0839",
        "type": "github"
      }
    },
    "sleepy-m2-baseline": {
      "inputs": {
        "home-manager": "home-manager_2",
        "nixpkgs": "nixpkgs_2",
        "sleepy-artwork": "sleepy-artwork_2",
        "sleepy-desktop": "sleepy-desktop_2",
        "sleepy-m1-baseline": "sleepy-m1-baseline",
        "sleepy-sdk": "sleepy-sdk_6",
        "sleepy-session": "sleepy-session_3"
      },
      "locked": {
        "lastModified": 1787602183,
        "narHash": "sha256-heHtACPSgICII8X07KOx9bsDUPhYXInvSgG/uRea7cI=",
        "owner": "sleepylinux",
        "repo": "sleepy",
        "rev": "563ae07b50ccc8c5332e1fb0352d351d46c7f615",
        "type": "github"
      },
      "original": {
        "owner": "sleepylinux",
        "repo": "sleepy",
        "rev": "563ae07b50ccc8c5332e1fb0352d351d46c7f615",
        "type": "github"
      }
    },
    "sleepy-sdk": {
      "flake": false,
      "locked": {
        "lastModified": 1787543441,
        "narHash": "sha256-ekYrFPfN3e14O99kp3yme5BpEgH7qnRPzfvgaxNNgBM=",
        "owner": "sleepylinux",
        "repo": "sleepy-sdk",
        "rev": "5dc792faea9d743fabbb576ae1b25ed7e1f729f9",
        "type": "github"
      },
      "original": {
        "owner": "sleepylinux",
        "repo": "sleepy-sdk",
        "rev": "5dc792faea9d743fabbb576ae1b25ed7e1f729f9",
        "type": "github"
      }
    },
    "sleepy-sdk_2": {
      "flake": false,
      "locked": {
        "lastModified": 1787543441,
        "narHash": "sha256-ekYrFPfN3e14O99kp3yme5BpEgH7qnRPzfvgaxNNgBM=",
        "owner": "sleepylinux",
        "repo": "sleepy-sdk",
        "rev": "5dc792faea9d743fabbb576ae1b25ed7e1f729f9",
        "type": "github"
      },
      "original": {
        "owner": "sleepylinux",
        "repo": "sleepy-sdk",
        "rev": "5dc792faea9d743fabbb576ae1b25ed7e1f729f9",
        "type": "github"
      }
    },
    "sleepy-sdk_3": {
      "flake": false,
      "locked": {
        "lastModified": 1787531142,
        "narHash": "sha256-/6XDjX4dWb4Tfd4xqtZ6Bg00bfBepcl+wT11zI2coxI=",
        "owner": "sleepylinux",
        "repo": "sleepy-sdk",
        "rev": "2edbe8310eee69c40e4f75924da67a57942bd1c3",
        "type": "github"
      },
      "original": {
        "owner": "sleepylinux",
        "repo": "sleepy-sdk",
        "rev": "2edbe8310eee69c40e4f75924da67a57942bd1c3",
        "type": "github"
      }
    },
    "sleepy-sdk_4": {
      "inputs": {
        "nixpkgs": [
          "sleepy-m2-baseline",
          "sleepy-m1-baseline",
          "nixpkgs"
        ]
      },
      "locked": {
        "lastModified": 1787531142,
        "narHash": "sha256-/6XDjX4dWb4Tfd4xqtZ6Bg00bfBepcl+wT11zI2coxI=",
        "owner": "sleepylinux",
        "repo": "sleepy-sdk",
        "rev": "2edbe8310eee69c40e4f75924da67a57942bd1c3",
        "type": "github"
      },
      "original": {
        "owner": "sleepylinux",
        "repo": "sleepy-sdk",
        "rev": "2edbe8310eee69c40e4f75924da67a57942bd1c3",
        "type": "github"
      }
    },
    "sleepy-sdk_5": {
      "flake": false,
      "locked": {
        "lastModified": 1787531142,
        "narHash": "sha256-/6XDjX4dWb4Tfd4xqtZ6Bg00bfBepcl+wT11zI2coxI=",
        "owner": "sleepylinux",
        "repo": "sleepy-sdk",
        "rev": "2edbe8310eee69c40e4f75924da67a57942bd1c3",
        "type": "github"
      },
      "original": {
        "owner": "sleepylinux",
        "repo": "sleepy-sdk",
        "rev": "2edbe8310eee69c40e4f75924da67a57942bd1c3",
        "type": "github"
      }
    },
    "sleepy-sdk_6": {
      "inputs": {
        "nixpkgs": [
          "sleepy-m2-baseline",
          "nixpkgs"
        ]
      },
      "locked": {
        "lastModified": 1787543441,
        "narHash": "sha256-ekYrFPfN3e14O99kp3yme5BpEgH7qnRPzfvgaxNNgBM=",
        "owner": "sleepylinux",
        "repo": "sleepy-sdk",
        "rev": "5dc792faea9d743fabbb576ae1b25ed7e1f729f9",
        "type": "github"
      },
      "original": {
        "owner": "sleepylinux",
        "repo": "sleepy-sdk",
        "rev": "5dc792faea9d743fabbb576ae1b25ed7e1f729f9",
        "type": "github"
      }
    },
    "sleepy-sdk_7": {
      "flake": false,
      "locked": {
        "lastModified": 1787543441,
        "narHash": "sha256-ekYrFPfN3e14O99kp3yme5BpEgH7qnRPzfvgaxNNgBM=",
        "owner": "sleepylinux",
        "repo": "sleepy-sdk",
        "rev": "5dc792faea9d743fabbb576ae1b25ed7e1f729f9",
        "type": "github"
      },
      "original": {
        "owner": "sleepylinux",
        "repo": "sleepy-sdk",
        "rev": "5dc792faea9d743fabbb576ae1b25ed7e1f729f9",
        "type": "github"
      }
    },
    "sleepy-sdk_8": {
      "inputs": {
        "nixpkgs": [
          "nixpkgs"
        ]
      },
      "locked": {
        "lastModified": 1788281856,
        "narHash": "sha256-vmql7k9Oy9MtjvXR3PlkfASspbweScgtj5HGFJVEY3Q=",
        "owner": "sleepylinux",
        "repo": "sleepy-sdk",
        "rev": "63b2370a39f47f2b361310c12c0333da0faaee9d",
        "type": "github"
      },
      "original": {
        "owner": "sleepylinux",
        "repo": "sleepy-sdk",
        "rev": "63b2370a39f47f2b361310c12c0333da0faaee9d",
        "type": "github"
      }
    },
    "sleepy-session": {
      "inputs": {
        "nixpkgs": "nixpkgs_4",
        "sleepy-sdk": "sleepy-sdk_2"
      },
      "locked": {
        "lastModified": 1787587856,
        "narHash": "sha256-yBbiuK5En4VqgGK0TxaTjQ7HWmx/D0C7dziqgKxnh+o=",
        "owner": "sleepylinux",
        "repo": "sleepy-session",
        "rev": "b88f5b993ae449acf176d8fc6f0d6542776d06bd",
        "type": "github"
      },
      "original": {
        "owner": "sleepylinux",
        "repo": "sleepy-session",
        "rev": "b88f5b993ae449acf176d8fc6f0d6542776d06bd",
        "type": "github"
      }
    },
    "sleepy-session_2": {
      "inputs": {
        "nixpkgs": [
          "sleepy-m2-baseline",
          "sleepy-m1-baseline",
          "nixpkgs"
        ],
        "sleepy-sdk": "sleepy-sdk_5"
      },
      "locked": {
        "lastModified": 1787532182,
        "narHash": "sha256-Xl8msAzFGtGu5rGf5ORvlu5YaV+X1j0/uIVLFc8VBaQ=",
        "owner": "sleepylinux",
        "repo": "sleepy-session",
        "rev": "1e8863839b5c4310bce251b7e10ed15926039930",
        "type": "github"
      },
      "original": {
        "owner": "sleepylinux",
        "repo": "sleepy-session",
        "rev": "1e8863839b5c4310bce251b7e10ed15926039930",
        "type": "github"
      }
    },
    "sleepy-session_3": {
      "inputs": {
        "nixpkgs": [
          "sleepy-m2-baseline",
          "nixpkgs"
        ],
        "sleepy-sdk": "sleepy-sdk_7"
      },
      "locked": {
        "lastModified": 1787587856,
        "narHash": "sha256-yBbiuK5En4VqgGK0TxaTjQ7HWmx/D0C7dziqgKxnh+o=",
        "owner": "sleepylinux",
        "repo": "sleepy-session",
        "rev": "b88f5b993ae449acf176d8fc6f0d6542776d06bd",
        "type": "github"
      },
      "original": {
        "owner": "sleepylinux",
        "repo": "sleepy-session",
        "rev": "b88f5b993ae449acf176d8fc6f0d6542776d06bd",
        "type": "github"
      }
    },
    "sleepy-session_4": {
      "inputs": {
        "nixpkgs": [
          "nixpkgs"
        ],
        "sleepy-sdk": [
          "sleepy-sdk"
        ]
      },
      "locked": {
        "lastModified": 1788287827,
        "narHash": "sha256-d7LqTc5mK8k1iGHmQVsxVigr1/fNGiWaDDBAWya3/uo=",
        "owner": "sleepylinux",
        "repo": "sleepy-session",
        "rev": "4fee02d6fa221df33b7df03fb1bdadcbb3f8f714",
        "type": "github"
      },
      "original": {
        "owner": "sleepylinux",
        "repo": "sleepy-session",
        "rev": "4fee02d6fa221df33b7df03fb1bdadcbb3f8f714",
        "type": "github"
      }
    }
  },
  "root": "root",
  "version": 7
}
